
Microsoft Visual Studio Solution File, Format Version 12.00
Project("{FAE04EC0-301F-11D3-BF4B-00C04F79EFBC}") = "Blog", "Blog\Blog.csproj", "{B589607F-3A4D-4CBA-97BD-C7B94D6ECA28}"
EndProject
Global
	GlobalSection(SolutionConfigurationPlatforms) = preSolution
		Debug|Any CPU = Debug|Any CPU
		Release|Any CPU = Release|Any CPU
	EndGlobalSection
	GlobalSection(ProjectConfigurationPlatforms) = postSolution
		{B589607F-3A4D-4CBA-97BD-C7B94D6ECA28}.Debug|Any CPU.ActiveCfg = Debug|Any CPU
		{B589607F-3A4D-4CBA-97BD-C7B94D6ECA28}.Debug|Any CPU.Build.0 = Debug|Any CPU
		{B589607F-3A4D-4CBA-97BD-C7B94D6ECA28}.Release|Any CPU.ActiveCfg = Release|Any CPU
		{B589607F-3A4D-4CBA-97BD-C7B94D6ECA28}.Release|Any CPU.Build.0 = Release|Any CPU
	EndGlobalSection
EndGlobal
